
Microsoft Visual Studio Solution File, Format Version 12.00
# Visual Studio 15
VisualStudioVersion = 15.0.27703.2035
MinimumVisualStudioVersion = 10.0.40219.1
Project("{FAE04EC0-301F-11D3-BF4B-00C04F79EFBC}") = "Vidly - Tutorial MVC5", "Vidly - Tutorial MVC5\Vidly - Tutorial MVC5.csproj", "{C0D2B8CA-B3C1-4724-BC99-F8EF72F32BBA}"
EndProject
Global
	GlobalSection(SolutionConfigurationPlatforms) = preSolution
		Debug|Any CPU = Debug|Any CPU
		Release|Any CPU = Release|Any CPU
	EndGlobalSection
	GlobalSection(ProjectConfigurationPlatforms) = postSolution
		{C0D2B8CA-B3C1-4724-BC99-F8EF72F32BBA}.Debug|Any CPU.ActiveCfg = Debug|Any CPU
		{C0D2B8CA-B3C1-4724-BC99-F8EF72F32BBA}.Debug|Any CPU.Build.0 = Debug|Any CPU
		{C0D2B8CA-B3C1-4724-BC99-F8EF72F32BBA}.Release|Any CPU.ActiveCfg = Release|Any CPU
		{C0D2B8CA-B3C1-4724-BC99-F8EF72F32BBA}.Release|Any CPU.Build.0 = Release|Any CPU
	EndGlobalSection
	GlobalSection(SolutionProperties) = preSolution
		HideSolutionNode = FALSE
	EndGlobalSection
	GlobalSection(ExtensibilityGlobals) = postSolution
		SolutionGuid = {2A6EB227-9785-434D-8229-1C9A78EC7577}
	EndGlobalSection
EndGlobal
